// !$*UTF8*$!
{
	archiveVersion = 1;
	classes = {
	};
	objectVersion = 46;
	objects = {

/* Begin PBXFileReference section */
		6E6069371E4A395B000E4F27 /* redbuttegarden.github.io */ = {isa = PBXFileReference; lastKnownFileType = folder; name = redbuttegarden.github.io; path = ..; sourceTree = "<group>"; };
/* End PBXFileReference section */

/* Begin PBXGroup section */
		6E6069301E4A3929000E4F27 = {
			isa = PBXGroup;
			children = (
				6E6069371E4A395B000E4F27 /* redbuttegarden.github.io */,
			);
			sourceTree = "<group>";
		};
/* End PBXGroup section */

/* Begin PBXProject section */
		6E6069311E4A3929000E4F27 /* Project object */ = {
			isa = PBXProject;
			attributes = {
				LastUpgradeCheck = 0820;
			};
			buildConfigurationList = 6E6069341E4A3929000E4F27 /* Build configuration list for PBXProject "Red Butte Garden Website" */;
			compatibilityVersion = "Xcode 3.2";
			developmentRegion = English;
			hasScannedForEncodings = 0;
			knownRegions = (
				en,
			);
			mainGroup = 6E6069301E4A3929000E4F27;
			projectDirPath = "";
			projectRoot = "";
			targets = (
			);
		};
/* End PBXProject section */

/* Begin XCBuildConfiguration section */
		6E6069351E4A3929000E4F27 /* Debug */ = {
			isa = XCBuildConfiguration;
			buildSettings = {
			};
			name = Debug;
		};
		6E6069361E4A3929000E4F27 /* Release */ = {
			isa = XCBuildConfiguration;
			buildSettings = {
			};
			name = Release;
		};
/* End XCBuildConfiguration section */

/* Begin XCConfigurationList section */
		6E6069341E4A3929000E4F27 /* Build configuration list for PBXProject "Red Butte Garden Website" */ = {
			isa = XCConfigurationList;
			buildConfigurations = (
				6E6069351E4A3929000E4F27 /* Debug */,
				6E6069361E4A3929000E4F27 /* Release */,
			);
			defaultConfigurationIsVisible = 0;
			defaultConfigurationName = Release;
		};
/* End XCConfigurationList section */
	};
	rootObject = 6E6069311E4A3929000E4F27 /* Project object */;
}
